Microsoft Visual Studio Solution File, Format Version 12.00
# Visual Studio Version 17
VisualStudioVersion = 17.5.2.0
MinimumVisualStudioVersion = 10.0.40219.1
Project("{FAE04EC0-301F-11D3-BF4B-00C04F79EFBC}") = "SmartInventoryTracker", "SmartInventoryTracker.csproj", "{2BD80BA5-9D4E-02FF-E06D-660C0067FA3C}"
EndProject
Global
	GlobalSection(SolutionConfigurationPlatforms) = preSolution
		Debug|Any CPU = Debug|Any CPU
		Release|Any CPU = Release|Any CPU
	EndGlobalSection
	GlobalSection(ProjectConfigurationPlatforms) = postSolution
		{2BD80BA5-9D4E-02FF-E06D-660C0067FA3C}.Debug|Any CPU.ActiveCfg = Debug|Any CPU
		{2BD80BA5-9D4E-02FF-E06D-660C0067FA3C}.Debug|Any CPU.Build.0 = Debug|Any CPU
		{2BD80BA5-9D4E-02FF-E06D-660C0067FA3C}.Release|Any CPU.ActiveCfg = Release|Any CPU
		{2BD80BA5-9D4E-02FF-E06D-660C0067FA3C}.Release|Any CPU.Build.0 = Release|Any CPU
	EndGlobalSection
	GlobalSection(SolutionProperties) = preSolution
		HideSolutionNode = FALSE
	EndGlobalSection
	GlobalSection(ExtensibilityGlobals) = postSolution
		SolutionGuid = {61A62E7A-A8D1-4804-950F-344F3C8907B7}
	EndGlobalSection
EndGlobal
